PODS:
  - TKCPHuman (0.1.0)
  - TKCPSpeaker (0.1.0):
    - TKCPHuman

DEPENDENCIES:
  - TKCPHuman (from `../TKCPHuman`)
  - TKCPSpeaker (from `../TKCPSpeaker`)

EXTERNAL SOURCES:
  TKCPHuman:
    :path: "../TKCPHuman"
  TKCPSpeaker:
    :path: "../TKCPSpeaker"

SPEC CHECKSUMS:
  TKCPHuman: aeccc2b370cec1e3ed26556e6a6b7c210fa20803
  TKCPSpeaker: 9d75e2dff982d280bb1a3b95e1213db459912386

PODFILE CHECKSUM: 6da2f59e23cb4363d1ea87baad71adedd8dcb13f

COCOAPODS: 1.11.2
